
Microsoft Visual Studio Solution File, Format Version 12.00
# Visual Studio Version 17
VisualStudioVersion = 17.1.32228.430
MinimumVisualStudioVersion = 10.0.40219.1
Project("{FAE04EC0-301F-11D3-BF4B-00C04F79EFBC}") = "SQL", "SQL\SQL.csproj", "{1D2F6BCC-18F2-4409-A6C5-CBEF9B93BA69}"
EndProject
Global
	GlobalSection(SolutionConfigurationPlatforms) = preSolution
		Debug|Any CPU = Debug|Any CPU
		Release|Any CPU = Release|Any CPU
	EndGlobalSection
	GlobalSection(ProjectConfigurationPlatforms) = postSolution
		{1D2F6BCC-18F2-4409-A6C5-CBEF9B93BA69}.Debug|Any CPU.ActiveCfg = Debug|Any CPU
		{1D2F6BCC-18F2-4409-A6C5-CBEF9B93BA69}.Debug|Any CPU.Build.0 = Debug|Any CPU
		{1D2F6BCC-18F2-4409-A6C5-CBEF9B93BA69}.Release|Any CPU.ActiveCfg = Release|Any CPU
		{1D2F6BCC-18F2-4409-A6C5-CBEF9B93BA69}.Release|Any CPU.Build.0 = Release|Any CPU
	EndGlobalSection
	GlobalSection(SolutionProperties) = preSolution
		HideSolutionNode = FALSE
	EndGlobalSection
	GlobalSection(ExtensibilityGlobals) = postSolution
		SolutionGuid = {BB609175-9F3B-4DD9-9118-BB9575F368DD}
	EndGlobalSection
EndGlobal
